
Microsoft Visual Studio Solution File, Format Version 12.00
# Visual Studio 14
VisualStudioVersion = 14.0.25420.1
MinimumVisualStudioVersion = 10.0.40219.1
Project("{FAE04EC0-301F-11D3-BF4B-00C04F79EFBC}") = "BeEfficient.Pomodoro", "BeEfficient.Pomodoro\BeEfficient.Pomodoro.csproj", "{1704F592-1711-4CF0-8B0C-A13DA759F293}"
EndProject
Project("{FAE04EC0-301F-11D3-BF4B-00C04F79EFBC}") = "BeEfficient.Pomodoro.Core", "BeEfficient.Pomodoro.Core\BeEfficient.Pomodoro.Core.csproj", "{5ECA9894-F7DE-434E-B202-C6D5CC237C4C}"
EndProject
Global
	GlobalSection(SolutionConfigurationPlatforms) = preSolution
		Debug|Any CPU = Debug|Any CPU
		Release|Any CPU = Release|Any CPU
	EndGlobalSection
	GlobalSection(ProjectConfigurationPlatforms) = postSolution
		{1704F592-1711-4CF0-8B0C-A13DA759F293}.Debug|Any CPU.ActiveCfg = Debug|Any CPU
		{1704F592-1711-4CF0-8B0C-A13DA759F293}.Debug|Any CPU.Build.0 = Debug|Any CPU
		{1704F592-1711-4CF0-8B0C-A13DA759F293}.Release|Any CPU.ActiveCfg = Release|Any CPU
		{1704F592-1711-4CF0-8B0C-A13DA759F293}.Release|Any CPU.Build.0 = Release|Any CPU
		{5ECA9894-F7DE-434E-B202-C6D5CC237C4C}.Debug|Any CPU.ActiveCfg = Debug|Any CPU
		{5ECA9894-F7DE-434E-B202-C6D5CC237C4C}.Debug|Any CPU.Build.0 = Debug|Any CPU
		{5ECA9894-F7DE-434E-B202-C6D5CC237C4C}.Release|Any CPU.ActiveCfg = Release|Any CPU
		{5ECA9894-F7DE-434E-B202-C6D5CC237C4C}.Release|Any CPU.Build.0 = Release|Any CPU
	EndGlobalSection
	GlobalSection(SolutionProperties) = preSolution
		HideSolutionNode = FALSE
	EndGlobalSection
EndGlobal
